Microsoft Visual Studio Solution File, Format Version 12.00
# Visual Studio Version 17
VisualStudioVersion = 17.0.31611.283
MinimumVisualStudioVersion = 10.0.40219.1
Project("{9A19103F-16F7-4668-BE54-9A1E7A4F7556}") = "VisualStocks", "VisualStocks\VisualStocks.csproj", "{DEA2FE91-862C-437B-83C0-930464808F73}"
EndProject
Project("{FAE04EC0-301F-11D3-BF4B-00C04F79EFBC}") = "VisualStocks.Application", "VisualStocks.Application\VisualStocks.Application.csproj", "{6A85D67D-95AD-4029-8576-F206B1BF3B18}"
EndProject
Project("{FAE04EC0-301F-11D3-BF4B-00C04F79EFBC}") = "VisualStocks.Infrastructure", "VisualStocks.Infrastructure\VisualStocks.Infrastructure.csproj", "{536D8F48-093B-45E8-9212-1468D7DEF16B}"
EndProject
Project("{2150E333-8FDC-42A3-9474-1A3956D46DE8}") = "Solution items", "Solution items", "{45E8A580-BA2A-45DC-A869-83FE4B8E36DB}"
	ProjectSection(SolutionItems) = preProject
		.gitignore = .gitignore
		README.md = README.md
	EndProjectSection
EndProject
Project("{2150E333-8FDC-42A3-9474-1A3956D46DE8}") = "src", "src", "{9AB28A49-0C8F-435B-9317-EE5BB5BC0643}"
EndProject
Global
	GlobalSection(SolutionConfigurationPlatforms) = preSolution
		Debug|Any CPU = Debug|Any CPU
		Release|Any CPU = Release|Any CPU
	EndGlobalSection
	GlobalSection(ProjectConfigurationPlatforms) = postSolution
		{DEA2FE91-862C-437B-83C0-930464808F73}.Debug|Any CPU.ActiveCfg = Debug|Any CPU
		{DEA2FE91-862C-437B-83C0-930464808F73}.Debug|Any CPU.Build.0 = Debug|Any CPU
		{DEA2FE91-862C-437B-83C0-930464808F73}.Debug|Any CPU.Deploy.0 = Debug|Any CPU
		{DEA2FE91-862C-437B-83C0-930464808F73}.Release|Any CPU.ActiveCfg = Release|Any CPU
		{DEA2FE91-862C-437B-83C0-930464808F73}.Release|Any CPU.Build.0 = Release|Any CPU
		{DEA2FE91-862C-437B-83C0-930464808F73}.Release|Any CPU.Deploy.0 = Release|Any CPU
		{6A85D67D-95AD-4029-8576-F206B1BF3B18}.Debug|Any CPU.ActiveCfg = Debug|Any CPU
		{6A85D67D-95AD-4029-8576-F206B1BF3B18}.Debug|Any CPU.Build.0 = Debug|Any CPU
		{6A85D67D-95AD-4029-8576-F206B1BF3B18}.Release|Any CPU.ActiveCfg = Release|Any CPU
		{6A85D67D-95AD-4029-8576-F206B1BF3B18}.Release|Any CPU.Build.0 = Release|Any CPU
		{536D8F48-093B-45E8-9212-1468D7DEF16B}.Debug|Any CPU.ActiveCfg = Debug|Any CPU
		{536D8F48-093B-45E8-9212-1468D7DEF16B}.Debug|Any CPU.Build.0 = Debug|Any CPU
		{536D8F48-093B-45E8-9212-1468D7DEF16B}.Release|Any CPU.ActiveCfg = Release|Any CPU
		{536D8F48-093B-45E8-9212-1468D7DEF16B}.Release|Any CPU.Build.0 = Release|Any CPU
	EndGlobalSection
	GlobalSection(SolutionProperties) = preSolution
		HideSolutionNode = FALSE
	EndGlobalSection
	GlobalSection(NestedProjects) = preSolution
		{DEA2FE91-862C-437B-83C0-930464808F73} = {9AB28A49-0C8F-435B-9317-EE5BB5BC0643}
		{6A85D67D-95AD-4029-8576-F206B1BF3B18} = {9AB28A49-0C8F-435B-9317-EE5BB5BC0643}
		{536D8F48-093B-45E8-9212-1468D7DEF16B} = {9AB28A49-0C8F-435B-9317-EE5BB5BC0643}
	EndGlobalSection
	GlobalSection(ExtensibilityGlobals) = postSolution
		SolutionGuid = {61F7FB11-1E47-470C-91E2-47F8143E1572}
	EndGlobalSection
EndGlobal
